
Microsoft Visual Studio Solution File, Format Version 12.00
# Visual Studio Version 17
VisualStudioVersion = 17.8.34511.84
MinimumVisualStudioVersion = 10.0.40219.1
Project("{9A19103F-16F7-4668-BE54-9A1E7A4F7556}") = "mark.davison.spacetraders.core", "mark.davison.spacetraders.core\mark.davison.spacetraders.core.csproj", "{80C18E0A-594A-4B17-8379-70CE5D35B620}"
EndProject
Project("{9A19103F-16F7-4668-BE54-9A1E7A4F7556}") = "mark.davison.spacetraders.api", "mark.davison.spacetraders.api\mark.davison.spacetraders.api.csproj", "{765EF547-7F75-4278-9972-3F351EBCE866}"
EndProject
Project("{9A19103F-16F7-4668-BE54-9A1E7A4F7556}") = "mark.davison.spacetraders.console", "mark.davison.spacetraders.console\mark.davison.spacetraders.console.csproj", "{7BB184B3-AAE7-4350-953B-164479E232C7}"
EndProject
Project("{FAE04EC0-301F-11D3-BF4B-00C04F79EFBC}") = "mark.davison.spacetraders.avalonia.ui", "mark.davison.spacetraders.avalonia.ui\mark.davison.spacetraders.avalonia.ui.csproj", "{22C561B9-013C-400C-A966-DC1074E4798C}"
EndProject
Global
	GlobalSection(SolutionConfigurationPlatforms) = preSolution
		Debug|Any CPU = Debug|Any CPU
		Release|Any CPU = Release|Any CPU
	EndGlobalSection
	GlobalSection(ProjectConfigurationPlatforms) = postSolution
		{80C18E0A-594A-4B17-8379-70CE5D35B620}.Debug|Any CPU.ActiveCfg = Debug|Any CPU
		{80C18E0A-594A-4B17-8379-70CE5D35B620}.Debug|Any CPU.Build.0 = Debug|Any CPU
		{80C18E0A-594A-4B17-8379-70CE5D35B620}.Release|Any CPU.ActiveCfg = Release|Any CPU
		{80C18E0A-594A-4B17-8379-70CE5D35B620}.Release|Any CPU.Build.0 = Release|Any CPU
		{765EF547-7F75-4278-9972-3F351EBCE866}.Debug|Any CPU.ActiveCfg = Debug|Any CPU
		{765EF547-7F75-4278-9972-3F351EBCE866}.Debug|Any CPU.Build.0 = Debug|Any CPU
		{765EF547-7F75-4278-9972-3F351EBCE866}.Release|Any CPU.ActiveCfg = Release|Any CPU
		{765EF547-7F75-4278-9972-3F351EBCE866}.Release|Any CPU.Build.0 = Release|Any CPU
		{7BB184B3-AAE7-4350-953B-164479E232C7}.Debug|Any CPU.ActiveCfg = Debug|Any CPU
		{7BB184B3-AAE7-4350-953B-164479E232C7}.Debug|Any CPU.Build.0 = Debug|Any CPU
		{7BB184B3-AAE7-4350-953B-164479E232C7}.Release|Any CPU.ActiveCfg = Release|Any CPU
		{7BB184B3-AAE7-4350-953B-164479E232C7}.Release|Any CPU.Build.0 = Release|Any CPU
		{22C561B9-013C-400C-A966-DC1074E4798C}.Debug|Any CPU.ActiveCfg = Debug|Any CPU
		{22C561B9-013C-400C-A966-DC1074E4798C}.Debug|Any CPU.Build.0 = Debug|Any CPU
		{22C561B9-013C-400C-A966-DC1074E4798C}.Release|Any CPU.ActiveCfg = Release|Any CPU
		{22C561B9-013C-400C-A966-DC1074E4798C}.Release|Any CPU.Build.0 = Release|Any CPU
	EndGlobalSection
	GlobalSection(SolutionProperties) = preSolution
		HideSolutionNode = FALSE
	EndGlobalSection
	GlobalSection(ExtensibilityGlobals) = postSolution
		SolutionGuid = {6250955A-4E54-4D86-A97D-78443C388119}
	EndGlobalSection
EndGlobal
